
Microsoft Visual Studio Solution File, Format Version 12.00
# Visual Studio Version 16
VisualStudioVersion = 16.0.29613.14
MinimumVisualStudioVersion = 10.0.40219.1
Project("{9A19103F-16F7-4668-BE54-9A1E7A4F7556}") = "Operations", "Operations\Operations.csproj", "{079FF020-EE65-4E4A-BA8B-D79073C4C174}"
EndProject
Project("{9A19103F-16F7-4668-BE54-9A1E7A4F7556}") = "OperationsTests", "OperationsTests\OperationsTests.csproj", "{F5292DFE-150A-4678-B998-4C1AA579A76C}"
EndProject
Project("{9A19103F-16F7-4668-BE54-9A1E7A4F7556}") = "Adding", "Adding\Adding.csproj", "{017DCC9E-41EE-4C7E-A9F3-50058570D11F}"
EndProject
Project("{9A19103F-16F7-4668-BE54-9A1E7A4F7556}") = "Divide", "Divide\Divide.csproj", "{B2B2BBAD-965E-44FC-8478-BAA2B61B2583}"
EndProject
Project("{9A19103F-16F7-4668-BE54-9A1E7A4F7556}") = "Multiply", "Multiply\Multiply.csproj", "{E9140939-A9DF-44E1-A14C-8A4696D71625}"
EndProject
Project("{9A19103F-16F7-4668-BE54-9A1E7A4F7556}") = "Subtract", "Subtract\Subtract.csproj", "{22BB2F74-79B7-466C-AF2C-54AA168ED19F}"
EndProject
Project("{9A19103F-16F7-4668-BE54-9A1E7A4F7556}") = "Squared", "Squared\Squared.csproj", "{A23DE10A-BEF3-4718-9394-3DD53F7AC734}"
EndProject
Project("{9A19103F-16F7-4668-BE54-9A1E7A4F7556}") = "Cubed", "Cubed\Cubed.csproj", "{98D84D6B-0DE4-44B9-A7C9-EB6E7BAF1A97}"
EndProject
Project("{9A19103F-16F7-4668-BE54-9A1E7A4F7556}") = "SquareRoot", "SquareRoot\SquareRoot.csproj", "{F5AB5BFC-AB05-4704-897C-D4C25486DE02}"
EndProject
Project("{9A19103F-16F7-4668-BE54-9A1E7A4F7556}") = "BasicCalculator", "BasicCalculator\BasicCalculator.csproj", "{82BB6B10-23F0-46EC-9913-CAED1CFD6C79}"
EndProject
Project("{9A19103F-16F7-4668-BE54-9A1E7A4F7556}") = "AddingTests", "AddingTests\AddingTests.csproj", "{688B7BEA-4F93-47FF-9B77-D6E1B4B47726}"
EndProject
Project("{9A19103F-16F7-4668-BE54-9A1E7A4F7556}") = "CubedTests", "CubedTests\CubedTests.csproj", "{63BDEFA5-3313-4710-978C-61A90DF2C496}"
EndProject
Project("{9A19103F-16F7-4668-BE54-9A1E7A4F7556}") = "DivideTests", "DivideTests\DivideTests.csproj", "{95095559-D707-4B0B-835D-3D012F89F3C0}"
EndProject
Project("{9A19103F-16F7-4668-BE54-9A1E7A4F7556}") = "MultiplyTests", "MultiplyTests\MultiplyTests.csproj", "{7CE6281D-E613-4518-98A3-178D3E24A771}"
EndProject
Project("{9A19103F-16F7-4668-BE54-9A1E7A4F7556}") = "SquaredTests", "SquaredTests\SquaredTests.csproj", "{7971F3CB-82FB-4EF7-8346-2136B7A907C6}"
EndProject
Project("{9A19103F-16F7-4668-BE54-9A1E7A4F7556}") = "SquareRootTests", "SquareRootTests\SquareRootTests.csproj", "{105D5316-C816-4960-BF74-A0441D82D953}"
EndProject
Project("{9A19103F-16F7-4668-BE54-9A1E7A4F7556}") = "SubtractTests1", "SubtractTests1\SubtractTests1.csproj", "{7A387007-96C8-4759-A1B3-431A117A687F}"
EndProject
Global
	GlobalSection(SolutionConfigurationPlatforms) = preSolution
		Debug|Any CPU = Debug|Any CPU
		Release|Any CPU = Release|Any CPU
	EndGlobalSection
	GlobalSection(ProjectConfigurationPlatforms) = postSolution
		{079FF020-EE65-4E4A-BA8B-D79073C4C174}.Debug|Any CPU.ActiveCfg = Debug|Any CPU
		{079FF020-EE65-4E4A-BA8B-D79073C4C174}.Debug|Any CPU.Build.0 = Debug|Any CPU
		{079FF020-EE65-4E4A-BA8B-D79073C4C174}.Release|Any CPU.ActiveCfg = Release|Any CPU
		{079FF020-EE65-4E4A-BA8B-D79073C4C174}.Release|Any CPU.Build.0 = Release|Any CPU
		{F5292DFE-150A-4678-B998-4C1AA579A76C}.Debug|Any CPU.ActiveCfg = Debug|Any CPU
		{F5292DFE-150A-4678-B998-4C1AA579A76C}.Debug|Any CPU.Build.0 = Debug|Any CPU
		{F5292DFE-150A-4678-B998-4C1AA579A76C}.Release|Any CPU.ActiveCfg = Release|Any CPU
		{F5292DFE-150A-4678-B998-4C1AA579A76C}.Release|Any CPU.Build.0 = Release|Any CPU
		{017DCC9E-41EE-4C7E-A9F3-50058570D11F}.Debug|Any CPU.ActiveCfg = Debug|Any CPU
		{017DCC9E-41EE-4C7E-A9F3-50058570D11F}.Debug|Any CPU.Build.0 = Debug|Any CPU
		{017DCC9E-41EE-4C7E-A9F3-50058570D11F}.Release|Any CPU.ActiveCfg = Release|Any CPU
		{017DCC9E-41EE-4C7E-A9F3-50058570D11F}.Release|Any CPU.Build.0 = Release|Any CPU
		{B2B2BBAD-965E-44FC-8478-BAA2B61B2583}.Debug|Any CPU.ActiveCfg = Debug|Any CPU
		{B2B2BBAD-965E-44FC-8478-BAA2B61B2583}.Debug|Any CPU.Build.0 = Debug|Any CPU
		{B2B2BBAD-965E-44FC-8478-BAA2B61B2583}.Release|Any CPU.ActiveCfg = Release|Any CPU
		{B2B2BBAD-965E-44FC-8478-BAA2B61B2583}.Release|Any CPU.Build.0 = Release|Any CPU
		{E9140939-A9DF-44E1-A14C-8A4696D71625}.Debug|Any CPU.ActiveCfg = Debug|Any CPU
		{E9140939-A9DF-44E1-A14C-8A4696D71625}.Debug|Any CPU.Build.0 = Debug|Any CPU
		{E9140939-A9DF-44E1-A14C-8A4696D71625}.Release|Any CPU.ActiveCfg = Release|Any CPU
		{E9140939-A9DF-44E1-A14C-8A4696D71625}.Release|Any CPU.Build.0 = Release|Any CPU
		{22BB2F74-79B7-466C-AF2C-54AA168ED19F}.Debug|Any CPU.ActiveCfg = Debug|Any CPU
		{22BB2F74-79B7-466C-AF2C-54AA168ED19F}.Debug|Any CPU.Build.0 = Debug|Any CPU
		{22BB2F74-79B7-466C-AF2C-54AA168ED19F}.Release|Any CPU.ActiveCfg = Release|Any CPU
		{22BB2F74-79B7-466C-AF2C-54AA168ED19F}.Release|Any CPU.Build.0 = Release|Any CPU
		{A23DE10A-BEF3-4718-9394-3DD53F7AC734}.Debug|Any CPU.ActiveCfg = Debug|Any CPU
		{A23DE10A-BEF3-4718-9394-3DD53F7AC734}.Debug|Any CPU.Build.0 = Debug|Any CPU
		{A23DE10A-BEF3-4718-9394-3DD53F7AC734}.Release|Any CPU.ActiveCfg = Release|Any CPU
		{A23DE10A-BEF3-4718-9394-3DD53F7AC734}.Release|Any CPU.Build.0 = Release|Any CPU
		{98D84D6B-0DE4-44B9-A7C9-EB6E7BAF1A97}.Debug|Any CPU.ActiveCfg = Debug|Any CPU
		{98D84D6B-0DE4-44B9-A7C9-EB6E7BAF1A97}.Debug|Any CPU.Build.0 = Debug|Any CPU
		{98D84D6B-0DE4-44B9-A7C9-EB6E7BAF1A97}.Release|Any CPU.ActiveCfg = Release|Any CPU
		{98D84D6B-0DE4-44B9-A7C9-EB6E7BAF1A97}.Release|Any CPU.Build.0 = Release|Any CPU
		{F5AB5BFC-AB05-4704-897C-D4C25486DE02}.Debug|Any CPU.ActiveCfg = Debug|Any CPU
		{F5AB5BFC-AB05-4704-897C-D4C25486DE02}.Debug|Any CPU.Build.0 = Debug|Any CPU
		{F5AB5BFC-AB05-4704-897C-D4C25486DE02}.Release|Any CPU.ActiveCfg = Release|Any CPU
		{F5AB5BFC-AB05-4704-897C-D4C25486DE02}.Release|Any CPU.Build.0 = Release|Any CPU
		{82BB6B10-23F0-46EC-9913-CAED1CFD6C79}.Debug|Any CPU.ActiveCfg = Debug|Any CPU
		{82BB6B10-23F0-46EC-9913-CAED1CFD6C79}.Debug|Any CPU.Build.0 = Debug|Any CPU
		{82BB6B10-23F0-46EC-9913-CAED1CFD6C79}.Release|Any CPU.ActiveCfg = Release|Any CPU
		{82BB6B10-23F0-46EC-9913-CAED1CFD6C79}.Release|Any CPU.Build.0 = Release|Any CPU
		{688B7BEA-4F93-47FF-9B77-D6E1B4B47726}.Debug|Any CPU.ActiveCfg = Debug|Any CPU
		{688B7BEA-4F93-47FF-9B77-D6E1B4B47726}.Debug|Any CPU.Build.0 = Debug|Any CPU
		{688B7BEA-4F93-47FF-9B77-D6E1B4B47726}.Release|Any CPU.ActiveCfg = Release|Any CPU
		{688B7BEA-4F93-47FF-9B77-D6E1B4B47726}.Release|Any CPU.Build.0 = Release|Any CPU
		{63BDEFA5-3313-4710-978C-61A90DF2C496}.Debug|Any CPU.ActiveCfg = Debug|Any CPU
		{63BDEFA5-3313-4710-978C-61A90DF2C496}.Debug|Any CPU.Build.0 = Debug|Any CPU
		{63BDEFA5-3313-4710-978C-61A90DF2C496}.Release|Any CPU.ActiveCfg = Release|Any CPU
		{63BDEFA5-3313-4710-978C-61A90DF2C496}.Release|Any CPU.Build.0 = Release|Any CPU
		{95095559-D707-4B0B-835D-3D012F89F3C0}.Debug|Any CPU.ActiveCfg = Debug|Any CPU
		{95095559-D707-4B0B-835D-3D012F89F3C0}.Debug|Any CPU.Build.0 = Debug|Any CPU
		{95095559-D707-4B0B-835D-3D012F89F3C0}.Release|Any CPU.ActiveCfg = Release|Any CPU
		{95095559-D707-4B0B-835D-3D012F89F3C0}.Release|Any CPU.Build.0 = Release|Any CPU
		{7CE6281D-E613-4518-98A3-178D3E24A771}.Debug|Any CPU.ActiveCfg = Debug|Any CPU
		{7CE6281D-E613-4518-98A3-178D3E24A771}.Debug|Any CPU.Build.0 = Debug|Any CPU
		{7CE6281D-E613-4518-98A3-178D3E24A771}.Release|Any CPU.ActiveCfg = Release|Any CPU
		{7CE6281D-E613-4518-98A3-178D3E24A771}.Release|Any CPU.Build.0 = Release|Any CPU
		{7971F3CB-82FB-4EF7-8346-2136B7A907C6}.Debug|Any CPU.ActiveCfg = Debug|Any CPU
		{7971F3CB-82FB-4EF7-8346-2136B7A907C6}.Debug|Any CPU.Build.0 = Debug|Any CPU
		{7971F3CB-82FB-4EF7-8346-2136B7A907C6}.Release|Any CPU.ActiveCfg = Release|Any CPU
		{7971F3CB-82FB-4EF7-8346-2136B7A907C6}.Release|Any CPU.Build.0 = Release|Any CPU
		{105D5316-C816-4960-BF74-A0441D82D953}.Debug|Any CPU.ActiveCfg = Debug|Any CPU
		{105D5316-C816-4960-BF74-A0441D82D953}.Debug|Any CPU.Build.0 = Debug|Any CPU
		{105D5316-C816-4960-BF74-A0441D82D953}.Release|Any CPU.ActiveCfg = Release|Any CPU
		{105D5316-C816-4960-BF74-A0441D82D953}.Release|Any CPU.Build.0 = Release|Any CPU
		{7A387007-96C8-4759-A1B3-431A117A687F}.Debug|Any CPU.ActiveCfg = Debug|Any CPU
		{7A387007-96C8-4759-A1B3-431A117A687F}.Debug|Any CPU.Build.0 = Debug|Any CPU
		{7A387007-96C8-4759-A1B3-431A117A687F}.Release|Any CPU.ActiveCfg = Release|Any CPU
		{7A387007-96C8-4759-A1B3-431A117A687F}.Release|Any CPU.Build.0 = Release|Any CPU
	EndGlobalSection
	GlobalSection(SolutionProperties) = preSolution
		HideSolutionNode = FALSE
	EndGlobalSection
	GlobalSection(ExtensibilityGlobals) = postSolution
		SolutionGuid = {BF270784-2066-4187-B4BE-6BD8EB836D50}
	EndGlobalSection
EndGlobal
