
Microsoft Visual Studio Solution File, Format Version 12.00
# Visual Studio Version 16
VisualStudioVersion = 16.0.29613.14
MinimumVisualStudioVersion = 10.0.40219.1
Project("{9A19103F-16F7-4668-BE54-9A1E7A4F7556}") = "Operations", "Operations\Operations.csproj", "{079FF020-EE65-4E4A-BA8B-D79073C4C174}"
EndProject
Project("{9A19103F-16F7-4668-BE54-9A1E7A4F7556}") = "OperationsTests", "OperationsTests\OperationsTests.csproj", "{F5292DFE-150A-4678-B998-4C1AA579A76C}"
EndProject
Project("{9A19103F-16F7-4668-BE54-9A1E7A4F7556}") = "Adding", "Adding\Adding.csproj", "{017DCC9E-41EE-4C7E-A9F3-50058570D11F}"
EndProject
Project("{9A19103F-16F7-4668-BE54-9A1E7A4F7556}") = "Divide", "Divide\Divide.csproj", "{B2B2BBAD-965E-44FC-8478-BAA2B61B2583}"
EndProject
Project("{9A19103F-16F7-4668-BE54-9A1E7A4F7556}") = "Multiply", "Multiply\Multiply.csproj", "{E9140939-A9DF-44E1-A14C-8A4696D71625}"
EndProject
Project("{9A19103F-16F7-4668-BE54-9A1E7A4F7556}") = "Subtract", "Subtract\Subtract.csproj", "{22BB2F74-79B7-466C-AF2C-54AA168ED19F}"
EndProject
Project("{9A19103F-16F7-4668-BE54-9A1E7A4F7556}") = "Squared", "Squared\Squared.csproj", "{A23DE10A-BEF3-4718-9394-3DD53F7AC734}"
EndProject
Project("{9A19103F-16F7-4668-BE54-9A1E7A4F7556}") = "Cubed", "Cubed\Cubed.csproj", "{98D84D6B-0DE4-44B9-A7C9-EB6E7BAF1A97}"
EndProject
Project("{9A19103F-16F7-4668-BE54-9A1E7A4F7556}") = "SquareRoot", "SquareRoot\SquareRoot.csproj", "{F5AB5BFC-AB05-4704-897C-D4C25486DE02}"
EndProject
Project("{9A19103F-16F7-4668-BE54-9A1E7A4F7556}") = "BasicCalculator", "BasicCalculator\BasicCalculator.csproj", "{82BB6B10-23F0-46EC-9913-CAED1CFD6C79}"
EndProject
Project("{9A19103F-16F7-4668-BE54-9A1E7A4F7556}") = "BasicCalculatorTests1", "BasicCalculatorTests1\BasicCalculatorTests1.csproj", "{49CDC75B-B04D-47DA-A661-9D97A8D037D3}"
EndProject
Project("{9A19103F-16F7-4668-BE54-9A1E7A4F7556}") = "Helpers", "Helpers\Helpers.csproj", "{8FA4FF65-D063-4F22-8D60-D2CAEB4089DE}"
EndProject
Project("{9A19103F-16F7-4668-BE54-9A1E7A4F7556}") = "HelpersTests", "HelpersTests\HelpersTests.csproj", "{67A7AFF6-539B-4989-89E2-C846064B99A0}"
EndProject
Project("{9A19103F-16F7-4668-BE54-9A1E7A4F7556}") = "StatOperations", "StatOperations\StatOperations.csproj", "{F044A3F9-591C-422D-A3C4-ADC73843CA05}"
EndProject
Project("{9A19103F-16F7-4668-BE54-9A1E7A4F7556}") = "StatOperationsTests", "StatOperationsTests\StatOperationsTests.csproj", "{BF6A51E1-ED8A-408D-A472-A6082605056B}"
EndProject
Project("{FAE04EC0-301F-11D3-BF4B-00C04F79EFBC}") = "StatisticsCalculator", "StatisticsCalculator\StatisticsCalculator.csproj", "{34A38E0E-1374-4059-8A29-F3FEE7EF3574}"
EndProject
Project("{FAE04EC0-301F-11D3-BF4B-00C04F79EFBC}") = "StatisticsCalculatorTests", "StatisticsCalculatorTests\StatisticsCalculatorTests.csproj", "{AACA7E20-C250-41B6-89D7-3BE49F12D003}"
EndProject
Global
	GlobalSection(SolutionConfigurationPlatforms) = preSolution
		Debug|Any CPU = Debug|Any CPU
		Release|Any CPU = Release|Any CPU
	EndGlobalSection
	GlobalSection(ProjectConfigurationPlatforms) = postSolution
		{079FF020-EE65-4E4A-BA8B-D79073C4C174}.Debug|Any CPU.ActiveCfg = Debug|Any CPU
		{079FF020-EE65-4E4A-BA8B-D79073C4C174}.Debug|Any CPU.Build.0 = Debug|Any CPU
		{079FF020-EE65-4E4A-BA8B-D79073C4C174}.Release|Any CPU.ActiveCfg = Release|Any CPU
		{079FF020-EE65-4E4A-BA8B-D79073C4C174}.Release|Any CPU.Build.0 = Release|Any CPU
		{F5292DFE-150A-4678-B998-4C1AA579A76C}.Debug|Any CPU.ActiveCfg = Debug|Any CPU
		{F5292DFE-150A-4678-B998-4C1AA579A76C}.Debug|Any CPU.Build.0 = Debug|Any CPU
		{F5292DFE-150A-4678-B998-4C1AA579A76C}.Release|Any CPU.ActiveCfg = Release|Any CPU
		{F5292DFE-150A-4678-B998-4C1AA579A76C}.Release|Any CPU.Build.0 = Release|Any CPU
		{017DCC9E-41EE-4C7E-A9F3-50058570D11F}.Debug|Any CPU.ActiveCfg = Debug|Any CPU
		{017DCC9E-41EE-4C7E-A9F3-50058570D11F}.Debug|Any CPU.Build.0 = Debug|Any CPU
		{017DCC9E-41EE-4C7E-A9F3-50058570D11F}.Release|Any CPU.ActiveCfg = Release|Any CPU
		{017DCC9E-41EE-4C7E-A9F3-50058570D11F}.Release|Any CPU.Build.0 = Release|Any CPU
		{B2B2BBAD-965E-44FC-8478-BAA2B61B2583}.Debug|Any CPU.ActiveCfg = Debug|Any CPU
		{B2B2BBAD-965E-44FC-8478-BAA2B61B2583}.Debug|Any CPU.Build.0 = Debug|Any CPU
		{B2B2BBAD-965E-44FC-8478-BAA2B61B2583}.Release|Any CPU.ActiveCfg = Release|Any CPU
		{B2B2BBAD-965E-44FC-8478-BAA2B61B2583}.Release|Any CPU.Build.0 = Release|Any CPU
		{E9140939-A9DF-44E1-A14C-8A4696D71625}.Debug|Any CPU.ActiveCfg = Debug|Any CPU
		{E9140939-A9DF-44E1-A14C-8A4696D71625}.Debug|Any CPU.Build.0 = Debug|Any CPU
		{E9140939-A9DF-44E1-A14C-8A4696D71625}.Release|Any CPU.ActiveCfg = Release|Any CPU
		{E9140939-A9DF-44E1-A14C-8A4696D71625}.Release|Any CPU.Build.0 = Release|Any CPU
		{22BB2F74-79B7-466C-AF2C-54AA168ED19F}.Debug|Any CPU.ActiveCfg = Debug|Any CPU
		{22BB2F74-79B7-466C-AF2C-54AA168ED19F}.Debug|Any CPU.Build.0 = Debug|Any CPU
		{22BB2F74-79B7-466C-AF2C-54AA168ED19F}.Release|Any CPU.ActiveCfg = Release|Any CPU
		{22BB2F74-79B7-466C-AF2C-54AA168ED19F}.Release|Any CPU.Build.0 = Release|Any CPU
		{A23DE10A-BEF3-4718-9394-3DD53F7AC734}.Debug|Any CPU.ActiveCfg = Debug|Any CPU
		{A23DE10A-BEF3-4718-9394-3DD53F7AC734}.Debug|Any CPU.Build.0 = Debug|Any CPU
		{A23DE10A-BEF3-4718-9394-3DD53F7AC734}.Release|Any CPU.ActiveCfg = Release|Any CPU
		{A23DE10A-BEF3-4718-9394-3DD53F7AC734}.Release|Any CPU.Build.0 = Release|Any CPU
		{98D84D6B-0DE4-44B9-A7C9-EB6E7BAF1A97}.Debug|Any CPU.ActiveCfg = Debug|Any CPU
		{98D84D6B-0DE4-44B9-A7C9-EB6E7BAF1A97}.Debug|Any CPU.Build.0 = Debug|Any CPU
		{98D84D6B-0DE4-44B9-A7C9-EB6E7BAF1A97}.Release|Any CPU.ActiveCfg = Release|Any CPU
		{98D84D6B-0DE4-44B9-A7C9-EB6E7BAF1A97}.Release|Any CPU.Build.0 = Release|Any CPU
		{F5AB5BFC-AB05-4704-897C-D4C25486DE02}.Debug|Any CPU.ActiveCfg = Debug|Any CPU
		{F5AB5BFC-AB05-4704-897C-D4C25486DE02}.Debug|Any CPU.Build.0 = Debug|Any CPU
		{F5AB5BFC-AB05-4704-897C-D4C25486DE02}.Release|Any CPU.ActiveCfg = Release|Any CPU
		{F5AB5BFC-AB05-4704-897C-D4C25486DE02}.Release|Any CPU.Build.0 = Release|Any CPU
		{82BB6B10-23F0-46EC-9913-CAED1CFD6C79}.Debug|Any CPU.ActiveCfg = Debug|Any CPU
		{82BB6B10-23F0-46EC-9913-CAED1CFD6C79}.Debug|Any CPU.Build.0 = Debug|Any CPU
		{82BB6B10-23F0-46EC-9913-CAED1CFD6C79}.Release|Any CPU.ActiveCfg = Release|Any CPU
		{82BB6B10-23F0-46EC-9913-CAED1CFD6C79}.Release|Any CPU.Build.0 = Release|Any CPU
		{49CDC75B-B04D-47DA-A661-9D97A8D037D3}.Debug|Any CPU.ActiveCfg = Debug|Any CPU
		{49CDC75B-B04D-47DA-A661-9D97A8D037D3}.Debug|Any CPU.Build.0 = Debug|Any CPU
		{49CDC75B-B04D-47DA-A661-9D97A8D037D3}.Release|Any CPU.ActiveCfg = Release|Any CPU
		{49CDC75B-B04D-47DA-A661-9D97A8D037D3}.Release|Any CPU.Build.0 = Release|Any CPU
		{8FA4FF65-D063-4F22-8D60-D2CAEB4089DE}.Debug|Any CPU.ActiveCfg = Debug|Any CPU
		{8FA4FF65-D063-4F22-8D60-D2CAEB4089DE}.Debug|Any CPU.Build.0 = Debug|Any CPU
		{8FA4FF65-D063-4F22-8D60-D2CAEB4089DE}.Release|Any CPU.ActiveCfg = Release|Any CPU
		{8FA4FF65-D063-4F22-8D60-D2CAEB4089DE}.Release|Any CPU.Build.0 = Release|Any CPU
		{67A7AFF6-539B-4989-89E2-C846064B99A0}.Debug|Any CPU.ActiveCfg = Debug|Any CPU
		{67A7AFF6-539B-4989-89E2-C846064B99A0}.Debug|Any CPU.Build.0 = Debug|Any CPU
		{67A7AFF6-539B-4989-89E2-C846064B99A0}.Release|Any CPU.ActiveCfg = Release|Any CPU
		{67A7AFF6-539B-4989-89E2-C846064B99A0}.Release|Any CPU.Build.0 = Release|Any CPU
		{F044A3F9-591C-422D-A3C4-ADC73843CA05}.Debug|Any CPU.ActiveCfg = Debug|Any CPU
		{F044A3F9-591C-422D-A3C4-ADC73843CA05}.Debug|Any CPU.Build.0 = Debug|Any CPU
		{F044A3F9-591C-422D-A3C4-ADC73843CA05}.Release|Any CPU.ActiveCfg = Release|Any CPU
		{F044A3F9-591C-422D-A3C4-ADC73843CA05}.Release|Any CPU.Build.0 = Release|Any CPU
		{BF6A51E1-ED8A-408D-A472-A6082605056B}.Debug|Any CPU.ActiveCfg = Debug|Any CPU
		{BF6A51E1-ED8A-408D-A472-A6082605056B}.Debug|Any CPU.Build.0 = Debug|Any CPU
		{BF6A51E1-ED8A-408D-A472-A6082605056B}.Release|Any CPU.ActiveCfg = Release|Any CPU
		{BF6A51E1-ED8A-408D-A472-A6082605056B}.Release|Any CPU.Build.0 = Release|Any CPU
		{34A38E0E-1374-4059-8A29-F3FEE7EF3574}.Debug|Any CPU.ActiveCfg = Debug|Any CPU
		{34A38E0E-1374-4059-8A29-F3FEE7EF3574}.Debug|Any CPU.Build.0 = Debug|Any CPU
		{34A38E0E-1374-4059-8A29-F3FEE7EF3574}.Release|Any CPU.ActiveCfg = Release|Any CPU
		{34A38E0E-1374-4059-8A29-F3FEE7EF3574}.Release|Any CPU.Build.0 = Release|Any CPU
		{AACA7E20-C250-41B6-89D7-3BE49F12D003}.Debug|Any CPU.ActiveCfg = Debug|Any CPU
		{AACA7E20-C250-41B6-89D7-3BE49F12D003}.Debug|Any CPU.Build.0 = Debug|Any CPU
		{AACA7E20-C250-41B6-89D7-3BE49F12D003}.Release|Any CPU.ActiveCfg = Release|Any CPU
		{AACA7E20-C250-41B6-89D7-3BE49F12D003}.Release|Any CPU.Build.0 = Release|Any CPU
	EndGlobalSection
	GlobalSection(SolutionProperties) = preSolution
		HideSolutionNode = FALSE
	EndGlobalSection
	GlobalSection(ExtensibilityGlobals) = postSolution
		SolutionGuid = {BF270784-2066-4187-B4BE-6BD8EB836D50}
	EndGlobalSection
EndGlobal
